# This file was autogenerated by Stack.
# You should not edit this file by hand.
# For more information, please see the documentation at:
#   https://docs.haskellstack.org/en/stable/lock_files

packages:
- completed:
    cabal-file:
      size: 3655
      sha256: 84c153e926b87b86661798bf01848015e2bc672ab066def66410248caf24aaa5
    name: tidal
    version: 1.4.5
    git: https://github.com/tidalcycles/Tidal.git
    pantry-tree:
      size: 10124
      sha256: 66ec60e656ba5df6a016479c5cefbfef7119974baad0a0b743fe3cdf9b80431e
    commit: a6531308bacd072928089f64127185c59e931271
  original:
    git: https://github.com/tidalcycles/Tidal.git
    commit: a6531308bacd072928089f64127185c59e931271
snapshots:
- completed:
    size: 524804
    url: https://raw.githubusercontent.com/commercialhaskell/stackage-snapshots/master/lts/14/16.yaml
    sha256: 4d1519a4372d051d47a5eae2241cf3fb54e113d7475f89707ddb6ec06add2888
  original: lts-14.16
