# This file was autogenerated by Stack.
# You should not edit this file by hand.
# For more information, please see the documentation at:
#   https://docs.haskellstack.org/en/stable/lock_files

packages: []
snapshots:
- completed:
    size: 419588
    url: https://raw.githubusercontent.com/commercialhaskell/stackage-snapshots/master/nightly/2019/11/17.yaml
    sha256: e6d7c3b548c2e874a13b28fec6942eef37b55bec21c4d12167515347365554b8
  original: nightly-2019-11-17
