# This file was autogenerated by Stack.
# You should not edit this file by hand.
# For more information, please see the documentation at:
#   https://docs.haskellstack.org/en/stable/lock_files

packages:
- completed:
    hackage: tidal-1.4.5@sha256:84c153e926b87b86661798bf01848015e2bc672ab066def66410248caf24aaa5,3655
    pantry-tree:
      size: 2744
      sha256: 2460919763b81ef6a90a8c0eb4aa45c44f9745a5193da6a48308e0dbb61ac9c2
  original:
    hackage: tidal-1.4.5@sha256:84c153e926b87b86661798bf01848015e2bc672ab066def66410248caf24aaa5,3655
snapshots:
- completed:
    size: 524804
    url: https://raw.githubusercontent.com/commercialhaskell/stackage-snapshots/master/lts/14/16.yaml
    sha256: 4d1519a4372d051d47a5eae2241cf3fb54e113d7475f89707ddb6ec06add2888
  original: lts-14.16
